
Microsoft Visual Studio Solution File, Format Version 12.00
# Visual Studio 14
VisualStudioVersion = 14.0.25420.1
MinimumVisualStudioVersion = 10.0.40219.1
Project("{FAE04EC0-301F-11D3-BF4B-00C04F79EFBC}") = "WebMVC", "WebMVC\WebMVC.csproj", "{D098F327-D2BD-46B3-8A1A-6EE998386D2C}"
EndProject
Project("{FAE04EC0-301F-11D3-BF4B-00C04F79EFBC}") = "Models", "Models\Models.csproj", "{2CA8C473-E676-47FD-8DEE-B19645DD63E3}"
EndProject
Project("{FAE04EC0-301F-11D3-BF4B-00C04F79EFBC}") = "Common", "Common\Common.csproj", "{8292BFD9-D6F1-4EF0-B08C-5CF15CD058EE}"
EndProject
Project("{2150E333-8FDC-42A3-9474-1A3956D46DE8}") = "DAL", "DAL", "{2D41E000-DF2F-4EFF-9573-9AF321F374B5}"
EndProject
Project("{2150E333-8FDC-42A3-9474-1A3956D46DE8}") = "BLL", "BLL", "{16925F8C-7608-4A78-8EAE-465E1D33DCAC}"
EndProject
Project("{2150E333-8FDC-42A3-9474-1A3956D46DE8}") = "Common", "Common", "{18552463-B48D-4D84-BA92-4B2DCE477FE9}"
EndProject
Project("{2150E333-8FDC-42A3-9474-1A3956D46DE8}") = "UI", "UI", "{85047841-4D69-4F95-84FD-4DEBB0051EB0}"
EndProject
Project("{FAE04EC0-301F-11D3-BF4B-00C04F79EFBC}") = "DAL", "DAL\DAL.csproj", "{1135FAEB-80D7-4CE6-BF97-F93AE6634E13}"
EndProject
Project("{FAE04EC0-301F-11D3-BF4B-00C04F79EFBC}") = "BLL", "BLL\BLL.csproj", "{3707B0E9-175F-423D-B8A2-D64EB53A638F}"
EndProject
Project("{2150E333-8FDC-42A3-9474-1A3956D46DE8}") = "Models", "Models", "{83F3E049-1FEE-4933-8B3D-60007E1F9F2D}"
EndProject
Global
	GlobalSection(SolutionConfigurationPlatforms) = preSolution
		Debug|Any CPU = Debug|Any CPU
		Release|Any CPU = Release|Any CPU
	EndGlobalSection
	GlobalSection(ProjectConfigurationPlatforms) = postSolution
		{D098F327-D2BD-46B3-8A1A-6EE998386D2C}.Debug|Any CPU.ActiveCfg = Debug|Any CPU
		{D098F327-D2BD-46B3-8A1A-6EE998386D2C}.Debug|Any CPU.Build.0 = Debug|Any CPU
		{D098F327-D2BD-46B3-8A1A-6EE998386D2C}.Release|Any CPU.ActiveCfg = Release|Any CPU
		{D098F327-D2BD-46B3-8A1A-6EE998386D2C}.Release|Any CPU.Build.0 = Release|Any CPU
		{2CA8C473-E676-47FD-8DEE-B19645DD63E3}.Debug|Any CPU.ActiveCfg = Debug|Any CPU
		{2CA8C473-E676-47FD-8DEE-B19645DD63E3}.Debug|Any CPU.Build.0 = Debug|Any CPU
		{2CA8C473-E676-47FD-8DEE-B19645DD63E3}.Release|Any CPU.ActiveCfg = Release|Any CPU
		{2CA8C473-E676-47FD-8DEE-B19645DD63E3}.Release|Any CPU.Build.0 = Release|Any CPU
		{8292BFD9-D6F1-4EF0-B08C-5CF15CD058EE}.Debug|Any CPU.ActiveCfg = Debug|Any CPU
		{8292BFD9-D6F1-4EF0-B08C-5CF15CD058EE}.Debug|Any CPU.Build.0 = Debug|Any CPU
		{8292BFD9-D6F1-4EF0-B08C-5CF15CD058EE}.Release|Any CPU.ActiveCfg = Release|Any CPU
		{8292BFD9-D6F1-4EF0-B08C-5CF15CD058EE}.Release|Any CPU.Build.0 = Release|Any CPU
		{1135FAEB-80D7-4CE6-BF97-F93AE6634E13}.Debug|Any CPU.ActiveCfg = Debug|Any CPU
		{1135FAEB-80D7-4CE6-BF97-F93AE6634E13}.Debug|Any CPU.Build.0 = Debug|Any CPU
		{1135FAEB-80D7-4CE6-BF97-F93AE6634E13}.Release|Any CPU.ActiveCfg = Release|Any CPU
		{1135FAEB-80D7-4CE6-BF97-F93AE6634E13}.Release|Any CPU.Build.0 = Release|Any CPU
		{3707B0E9-175F-423D-B8A2-D64EB53A638F}.Debug|Any CPU.ActiveCfg = Debug|Any CPU
		{3707B0E9-175F-423D-B8A2-D64EB53A638F}.Debug|Any CPU.Build.0 = Debug|Any CPU
		{3707B0E9-175F-423D-B8A2-D64EB53A638F}.Release|Any CPU.ActiveCfg = Release|Any CPU
		{3707B0E9-175F-423D-B8A2-D64EB53A638F}.Release|Any CPU.Build.0 = Release|Any CPU
	EndGlobalSection
	GlobalSection(SolutionProperties) = preSolution
		HideSolutionNode = FALSE
	EndGlobalSection
	GlobalSection(NestedProjects) = preSolution
		{D098F327-D2BD-46B3-8A1A-6EE998386D2C} = {85047841-4D69-4F95-84FD-4DEBB0051EB0}
		{2CA8C473-E676-47FD-8DEE-B19645DD63E3} = {83F3E049-1FEE-4933-8B3D-60007E1F9F2D}
		{8292BFD9-D6F1-4EF0-B08C-5CF15CD058EE} = {18552463-B48D-4D84-BA92-4B2DCE477FE9}
		{1135FAEB-80D7-4CE6-BF97-F93AE6634E13} = {2D41E000-DF2F-4EFF-9573-9AF321F374B5}
		{3707B0E9-175F-423D-B8A2-D64EB53A638F} = {16925F8C-7608-4A78-8EAE-465E1D33DCAC}
	EndGlobalSection
EndGlobal
